
Microsoft Visual Studio Solution File, Format Version 12.00
# Visual Studio Version 17
VisualStudioVersion = 17.0.32112.339
MinimumVisualStudioVersion = 10.0.40219.1
Project("{FAE04EC0-301F-11D3-BF4B-00C04F79EFBC}") = "postgres-console-application", "postgres-console-application\postgres-console-application.csproj", "{A5B396EA-0CD0-4861-9D6E-FC7B63DFC269}"
EndProject
Global
	GlobalSection(SolutionConfigurationPlatforms) = preSolution
		Debug|Any CPU = Debug|Any CPU
		Release|Any CPU = Release|Any CPU
	EndGlobalSection
	GlobalSection(ProjectConfigurationPlatforms) = postSolution
		{A5B396EA-0CD0-4861-9D6E-FC7B63DFC269}.Debug|Any CPU.ActiveCfg = Debug|Any CPU
		{A5B396EA-0CD0-4861-9D6E-FC7B63DFC269}.Debug|Any CPU.Build.0 = Debug|Any CPU
		{A5B396EA-0CD0-4861-9D6E-FC7B63DFC269}.Release|Any CPU.ActiveCfg = Release|Any CPU
		{A5B396EA-0CD0-4861-9D6E-FC7B63DFC269}.Release|Any CPU.Build.0 = Release|Any CPU
	EndGlobalSection
	GlobalSection(SolutionProperties) = preSolution
		HideSolutionNode = FALSE
	EndGlobalSection
	GlobalSection(ExtensibilityGlobals) = postSolution
		SolutionGuid = {C3BD5B97-EA1B-4664-9FCA-3078A8EC4A63}
	EndGlobalSection
EndGlobal
